<Solution>
  <Folder Name="/src/">
    <Project Path="src/Mintokei.AgentEngine/Mintokei.AgentEngine.csproj" />
    <Project Path="src/Mintokei.AgentControlPlane/Mintokei.AgentControlPlane.csproj" />
    <Project Path="src/Mintokei.Filesystem/Mintokei.Filesystem.csproj" />
    <Project Path="src/Mintokei.Runner.Contracts/Mintokei.Runner.Contracts.csproj" />
    <Project Path="src/Mintokei.Runner.Contracts.Grpc/Mintokei.Runner.Contracts.Grpc.csproj" />
    <Project Path="src/Mintokei.Runner.Host/Mintokei.Runner.Host.csproj" />
    <Project Path="src/Mintokei.Runner.Client/Mintokei.Runner.Client.csproj" />
    <Project Path="src/Mintokei.Runner/Mintokei.Runner.csproj" />
    <Project Path="src/Mintokei.Sandbox/Mintokei.Sandbox.csproj" />
    <Project Path="src/Mintokei.Sandbox.Broker/Mintokei.Sandbox.Broker.csproj" />
    <Project Path="src/Mintokei.Runner.Host.Hosting/Mintokei.Runner.Host.Hosting.csproj" />
  </Folder>
  <Folder Name="/tests/">
    <Project Path="tests/Mintokei.AgentEngine.Tests/Mintokei.AgentEngine.Tests.csproj" />
    <Project Path="tests/Mintokei.AgentControlPlane.Tests/Mintokei.AgentControlPlane.Tests.csproj" />
    <Project Path="tests/Mintokei.Filesystem.Tests/Mintokei.Filesystem.Tests.csproj" />
    <Project Path="tests/Mintokei.Sandbox.Tests/Mintokei.Sandbox.Tests.csproj" />
    <Project Path="tests/Mintokei.Runner.Host.Tests/Mintokei.Runner.Host.Tests.csproj" />
  </Folder>
  <Folder Name="/samples/">
    <Project Path="samples/LocalAgentMinimal/LocalAgentMinimal.csproj" />
    <Project Path="samples/ControlPlaneLocal/ControlPlaneLocal.csproj" />
    <Project Path="samples/RemoteRunnerMinimal/RemoteRunnerMinimal.csproj" />
    <Project Path="samples/SandboxPoolMinimal/SandboxPoolMinimal.csproj" />
    <Project Path="samples/SandboxSessionMinimal/SandboxSessionMinimal.csproj" />
    <Project Path="samples/SandboxRunnerHostMinimal/SandboxRunnerHostMinimal.csproj" />
    <Project Path="samples/RemoteSandboxMinimal/RemoteSandboxMinimal.csproj" />
  </Folder>
</Solution>
